
Microsoft Visual Studio Solution File, Format Version 12.00
# Visual Studio Version 17
VisualStudioVersion = 17.9.34701.34
MinimumVisualStudioVersion = 10.0.40219.1
Project("{FAE04EC0-301F-11D3-BF4B-00C04F79EFBC}") = "les12_09_05_24", "les12_09_05_24\les12_09_05_24.csproj", "{45D76343-4D6A-4647-8027-AB80B6E3D530}"
EndProject
Global
	GlobalSection(SolutionConfigurationPlatforms) = preSolution
		Debug|Any CPU = Debug|Any CPU
		Release|Any CPU = Release|Any CPU
	EndGlobalSection
	GlobalSection(ProjectConfigurationPlatforms) = postSolution
		{45D76343-4D6A-4647-8027-AB80B6E3D530}.Debug|Any CPU.ActiveCfg = Debug|Any CPU
		{45D76343-4D6A-4647-8027-AB80B6E3D530}.Debug|Any CPU.Build.0 = Debug|Any CPU
		{45D76343-4D6A-4647-8027-AB80B6E3D530}.Release|Any CPU.ActiveCfg = Release|Any CPU
		{45D76343-4D6A-4647-8027-AB80B6E3D530}.Release|Any CPU.Build.0 = Release|Any CPU
	EndGlobalSection
	GlobalSection(SolutionProperties) = preSolution
		HideSolutionNode = FALSE
	EndGlobalSection
	GlobalSection(ExtensibilityGlobals) = postSolution
		SolutionGuid = {3A395BE4-8365-4E32-94E3-F7DFA0AAD8CD}
	EndGlobalSection
EndGlobal
